// !$*UTF8*$!
{
	archiveVersion = 1;
	classes = {
	};
	objectVersion = 55;
	objects = {

/* Begin PBXBuildFile section */
		1A735C5C3C452100FDB3A15A /* Pods_Flix.framework in Frameworks */ = {isa = PBXBuildFile; fileRef = 6BE61602E716B2D2AA728143 /* Pods_Flix.framework */; };
		6C845DA027D0690A00547F79 /* MovieGridViewController.swift in Sources */ = {isa = PBXBuildFile; fileRef = 6C845D9F27D0690A00547F79 /* MovieGridViewController.swift */; };
		6C845DA227D06D1700547F79 /* MovieGridCell.swift in Sources */ = {isa = PBXBuildFile; fileRef = 6C845DA127D06D1700547F79 /* MovieGridCell.swift */; };
		6C909F0F27C9BED4006CA6C3 /* AppDelegate.swift in Sources */ = {isa = PBXBuildFile; fileRef = 6C909F0E27C9BED4006CA6C3 /* AppDelegate.swift */; };
		6C909F1127C9BED4006CA6C3 /* SceneDelegate.swift in Sources */ = {isa = PBXBuildFile; fileRef = 6C909F1027C9BED4006CA6C3 /* SceneDelegate.swift */; };
		6C909F1327C9BED4006CA6C3 /* ViewController.swift in Sources */ = {isa = PBXBuildFile; fileRef = 6C909F1227C9BED4006CA6C3 /* ViewController.swift */; };
		6C909F1627C9BED4006CA6C3 /* Main.storyboard in Resources */ = {isa = PBXBuildFile; fileRef = 6C909F1427C9BED4006CA6C3 /* Main.storyboard */; };
		6C909F1827C9BED6006CA6C3 /* Assets.xcassets in Resources */ = {isa = PBXBuildFile; fileRef = 6C909F1727C9BED6006CA6C3 /* Assets.xcassets */; };
		6C909F1B27C9BED6006CA6C3 /* LaunchScreen.storyboard in Resources */ = {isa = PBXBuildFile; fileRef = 6C909F1927C9BED6006CA6C3 /* LaunchScreen.storyboard */; };
		6C909F2627C9BED6006CA6C3 /* FlixTests.swift in Sources */ = {isa = PBXBuildFile; fileRef = 6C909F2527C9BED6006CA6C3 /* FlixTests.swift */; };
		6C909F3027C9BED6006CA6C3 /* FlixUITests.swift in Sources */ = {isa = PBXBuildFile; fileRef = 6C909F2F27C9BED6006CA6C3 /* FlixUITests.swift */; };
		6C909F3227C9BED6006CA6C3 /* FlixUITestsLaunchTests.swift in Sources */ = {isa = PBXBuildFile; fileRef = 6C909F3127C9BED6006CA6C3 /* FlixUITestsLaunchTests.swift */; };
		6C909F4127C9C110006CA6C3 /* MoviesViewController.swift in Sources */ = {isa = PBXBuildFile; fileRef = 6C909F4027C9C110006CA6C3 /* MoviesViewController.swift */; };
		6C909F4327C9CCA8006CA6C3 /* MovieCell.swift in Sources */ = {isa = PBXBuildFile; fileRef = 6C909F4227C9CCA8006CA6C3 /* MovieCell.swift */; };
		6C909F4627C9D174006CA6C3 /* AlamofireImage in Frameworks */ = {isa = PBXBuildFile; productRef = 6C909F4527C9D174006CA6C3 /* AlamofireImage */; };
		6CCB931427CC7A4A00B1A55B /* MovieDetailsViewController.swift in Sources */ = {isa = PBXBuildFile; fileRef = 6CCB931327CC7A4900B1A55B /* MovieDetailsViewController.swift */; };
		6D4A0726DC3E1410988D308E /* Pods_Flix_FlixUITests.framework in Frameworks */ = {isa = PBXBuildFile; fileRef = ACCE08072ECEDAAB4B84079B /* Pods_Flix_FlixUITests.framework */; };
		84E6E808EA98D2058BF7CFA9 /* Pods_FlixTests.framework in Frameworks */ = {isa = PBXBuildFile; fileRef = BB42208C9FB32B74F70C4B7A /* Pods_FlixTests.framework */; };
/* End PBXBuildFile section */

/* Begin PBXContainerItemProxy section */
		6C909F2227C9BED6006CA6C3 /* PBXContainerItemProxy */ = {
			isa = PBXContainerItemProxy;
			containerPortal = 6C909F0327C9BED4006CA6C3 /* Project object */;
			proxyType = 1;
			remoteGlobalIDString = 6C909F0A27C9BED4006CA6C3;
			remoteInfo = Flix;
		};
		6C909F2C27C9BED6006CA6C3 /* PBXContainerItemProxy */ = {
			isa = PBXContainerItemProxy;
			containerPortal = 6C909F0327C9BED4006CA6C3 /* Project object */;
			proxyType = 1;
			remoteGlobalIDString = 6C909F0A27C9BED4006CA6C3;
			remoteInfo = Flix;
		};
/* End PBXContainerItemProxy section */

/* Begin PBXFileReference section */
		0BA6CADF46D9A8C202E405EE /* Pods-Flix-FlixUITests.release.xcconfig */ = {isa = PBXFileReference; includeInIndex = 1; lastKnownFileType = text.xcconfig; name = "Pods-Flix-FlixUITests.release.xcconfig"; path = "Target Support Files/Pods-Flix-FlixUITests/Pods-Flix-FlixUITests.release.xcconfig"; sourceTree = "<group>"; };
		4D5B214A6CDE5B207C1DA18D /* Pods-FlixTests.debug.xcconfig */ = {isa = PBXFileReference; includeInIndex = 1; lastKnownFileType = text.xcconfig; name = "Pods-FlixTests.debug.xcconfig"; path = "Target Support Files/Pods-FlixTests/Pods-FlixTests.debug.xcconfig"; sourceTree = "<group>"; };
		6BE61602E716B2D2AA728143 /* Pods_Flix.framework */ = {isa = PBXFileReference; explicitFileType = wrapper.framework; includeInIndex = 0; path = Pods_Flix.framework; sourceTree = BUILT_PRODUCTS_DIR; };
		6C845D9F27D0690A00547F79 /* MovieGridViewController.swift */ = {isa = PBXFileReference; lastKnownFileType = sourcecode.swift; path = MovieGridViewController.swift; sourceTree = "<group>"; };
		6C845DA127D06D1700547F79 /* MovieGridCell.swift */ = {isa = PBXFileReference; lastKnownFileType = sourcecode.swift; path = MovieGridCell.swift; sourceTree = "<group>"; };
		6C909F0B27C9BED4006CA6C3 /* Flix.app */ = {isa = PBXFileReference; explicitFileType = wrapper.application; includeInIndex = 0; path = Flix.app; sourceTree = BUILT_PRODUCTS_DIR; };
		6C909F0E27C9BED4006CA6C3 /* AppDelegate.swift */ = {isa = PBXFileReference; lastKnownFileType = sourcecode.swift; path = AppDelegate.swift; sourceTree = "<group>"; };
		6C909F1027C9BED4006CA6C3 /* SceneDelegate.swift */ = {isa = PBXFileReference; lastKnownFileType = sourcecode.swift; path = SceneDelegate.swift; sourceTree = "<group>"; };
		6C909F1227C9BED4006CA6C3 /* ViewController.swift */ = {isa = PBXFileReference; lastKnownFileType = sourcecode.swift; path = ViewController.swift; sourceTree = "<group>"; };
		6C909F1527C9BED4006CA6C3 /* Base */ = {isa = PBXFileReference; lastKnownFileType = file.storyboard; name = Base; path = Base.lproj/Main.storyboard; sourceTree = "<group>"; };
		6C909F1727C9BED6006CA6C3 /* Assets.xcassets */ = {isa = PBXFileReference; lastKnownFileType = folder.assetcatalog; path = Assets.xcassets; sourceTree = "<group>"; };
		6C909F1A27C9BED6006CA6C3 /* Base */ = {isa = PBXFileReference; lastKnownFileType = file.storyboard; name = Base; path = Base.lproj/LaunchScreen.storyboard; sourceTree = "<group>"; };
		6C909F1C27C9BED6006CA6C3 /* Info.plist */ = {isa = PBXFileReference; lastKnownFileType = text.plist.xml; path = Info.plist; sourceTree = "<group>"; };
		6C909F2127C9BED6006CA6C3 /* FlixTests.xctest */ = {isa = PBXFileReference; explicitFileType = wrapper.cfbundle; includeInIndex = 0; path = FlixTests.xctest; sourceTree = BUILT_PRODUCTS_DIR; };
		6C909F2527C9BED6006CA6C3 /* FlixTests.swift */ = {isa = PBXFileReference; lastKnownFileType = sourcecode.swift; path = FlixTests.swift; sourceTree = "<group>"; };
		6C909F2B27C9BED6006CA6C3 /* FlixUITests.xctest */ = {isa = PBXFileReference; explicitFileType = wrapper.cfbundle; includeInIndex = 0; path = FlixUITests.xctest; sourceTree = BUILT_PRODUCTS_DIR; };
		6C909F2F27C9BED6006CA6C3 /* FlixUITests.swift */ = {isa = PBXFileReference; lastKnownFileType = sourcecode.swift; path = FlixUITests.swift; sourceTree = "<group>"; };
		6C909F3127C9BED6006CA6C3 /* FlixUITestsLaunchTests.swift */ = {isa = PBXFileReference; lastKnownFileType = sourcecode.swift; path = FlixUITestsLaunchTests.swift; sourceTree = "<group>"; };
		6C909F4027C9C110006CA6C3 /* MoviesViewController.swift */ = {isa = PBXFileReference; lastKnownFileType = sourcecode.swift; path = MoviesViewController.swift; sourceTree = "<group>"; };
		6C909F4227C9CCA8006CA6C3 /* MovieCell.swift */ = {isa = PBXFileReference; lastKnownFileType = sourcecode.swift; path = MovieCell.swift; sourceTree = "<group>"; };
		6CCB931327CC7A4900B1A55B /* MovieDetailsViewController.swift */ = {isa = PBXFileReference; lastKnownFileType = sourcecode.swift; path = MovieDetailsViewController.swift; sourceTree = "<group>"; };
		8B38FF6306AB6E6C9D4722C0 /* Pods-Flix.release.xcconfig */ = {isa = PBXFileReference; includeInIndex = 1; lastKnownFileType = text.xcconfig; name = "Pods-Flix.release.xcconfig"; path = "Target Support Files/Pods-Flix/Pods-Flix.release.xcconfig"; sourceTree = "<group>"; };
		9B853C43E528D24ACD4020F1 /* Pods-Flix.debug.xcconfig */ = {isa = PBXFileReference; includeInIndex = 1; lastKnownFileType = text.xcconfig; name = "Pods-Flix.debug.xcconfig"; path = "Target Support Files/Pods-Flix/Pods-Flix.debug.xcconfig"; sourceTree = "<group>"; };
		ACCE08072ECEDAAB4B84079B /* Pods_Flix_FlixUITests.framework */ = {isa = PBXFileReference; explicitFileType = wrapper.framework; includeInIndex = 0; path = Pods_Flix_FlixUITests.framework; sourceTree = BUILT_PRODUCTS_DIR; };
		BB42208C9FB32B74F70C4B7A /* Pods_FlixTests.framework */ = {isa = PBXFileReference; explicitFileType = wrapper.framework; includeInIndex = 0; path = Pods_FlixTests.framework; sourceTree = BUILT_PRODUCTS_DIR; };
		BED9846F226A92F803EA0E4B /* Pods-FlixTests.release.xcconfig */ = {isa = PBXFileReference; includeInIndex = 1; lastKnownFileType = text.xcconfig; name = "Pods-FlixTests.release.xcconfig"; path = "Target Support Files/Pods-FlixTests/Pods-FlixTests.release.xcconfig"; sourceTree = "<group>"; };
		C9B0BD746E7C620961986EA3 /* Pods-Flix-FlixUITests.debug.xcconfig */ = {isa = PBXFileReference; includeInIndex = 1; lastKnownFileType = text.xcconfig; name = "Pods-Flix-FlixUITests.debug.xcconfig"; path = "Target Support Files/Pods-Flix-FlixUITests/Pods-Flix-FlixUITests.debug.xcconfig"; sourceTree = "<group>"; };
/* End PBXFileReference section */

/* Begin PBXFrameworksBuildPhase section */
		6C909F0827C9BED4006CA6C3 /* Frameworks */ = {
			isa = PBXFrameworksBuildPhase;
			buildActionMask = 2147483647;
			files = (
				6C909F4627C9D174006CA6C3 /* AlamofireImage in Frameworks */,
				1A735C5C3C452100FDB3A15A /* Pods_Flix.framework in Frameworks */,
			);
			runOnlyForDeploymentPostprocessing = 0;
		};
		6C909F1E27C9BED6006CA6C3 /* Frameworks */ = {
			isa = PBXFrameworksBuildPhase;
			buildActionMask = 2147483647;
			files = (
				84E6E808EA98D2058BF7CFA9 /* Pods_FlixTests.framework in Frameworks */,
			);
			runOnlyForDeploymentPostprocessing = 0;
		};
		6C909F2827C9BED6006CA6C3 /* Frameworks */ = {
			isa = PBXFrameworksBuildPhase;
			buildActionMask = 2147483647;
			files = (
				6D4A0726DC3E1410988D308E /* Pods_Flix_FlixUITests.framework in Frameworks */,
			);
			runOnlyForDeploymentPostprocessing = 0;
		};
/* End PBXFrameworksBuildPhase section */

/* Begin PBXGroup section */
		6C909F0227C9BED4006CA6C3 = {
			isa = PBXGroup;
			children = (
				6C909F0D27C9BED4006CA6C3 /* Flix */,
				6C909F2427C9BED6006CA6C3 /* FlixTests */,
				6C909F2E27C9BED6006CA6C3 /* FlixUITests */,
				6C909F0C27C9BED4006CA6C3 /* Products */,
				85E2EE1874A005CA49C7803A /* Pods */,
				C1EC9F726E7D8A5EA4D1A9C3 /* Frameworks */,
			);
			sourceTree = "<group>";
		};
		6C909F0C27C9BED4006CA6C3 /* Products */ = {
			isa = PBXGroup;
			children = (
				6C909F0B27C9BED4006CA6C3 /* Flix.app */,
				6C909F2127C9BED6006CA6C3 /* FlixTests.xctest */,
				6C909F2B27C9BED6006CA6C3 /* FlixUITests.xctest */,
			);
			name = Products;
			sourceTree = "<group>";
		};
		6C909F0D27C9BED4006CA6C3 /* Flix */ = {
			isa = PBXGroup;
			children = (
				6C909F0E27C9BED4006CA6C3 /* AppDelegate.swift */,
				6C909F1027C9BED4006CA6C3 /* SceneDelegate.swift */,
				6C909F1227C9BED4006CA6C3 /* ViewController.swift */,
				6C909F1427C9BED4006CA6C3 /* Main.storyboard */,
				6C909F1727C9BED6006CA6C3 /* Assets.xcassets */,
				6C909F1927C9BED6006CA6C3 /* LaunchScreen.storyboard */,
				6C909F1C27C9BED6006CA6C3 /* Info.plist */,
				6C909F4027C9C110006CA6C3 /* MoviesViewController.swift */,
				6C909F4227C9CCA8006CA6C3 /* MovieCell.swift */,
				6CCB931327CC7A4900B1A55B /* MovieDetailsViewController.swift */,
				6C845D9F27D0690A00547F79 /* MovieGridViewController.swift */,
				6C845DA127D06D1700547F79 /* MovieGridCell.swift */,
			);
			path = Flix;
			sourceTree = "<group>";
		};
		6C909F2427C9BED6006CA6C3 /* FlixTests */ = {
			isa = PBXGroup;
			children = (
				6C909F2527C9BED6006CA6C3 /* FlixTests.swift */,
			);
			path = FlixTests;
			sourceTree = "<group>";
		};
		6C909F2E27C9BED6006CA6C3 /* FlixUITests */ = {
			isa = PBXGroup;
			children = (
				6C909F2F27C9BED6006CA6C3 /* FlixUITests.swift */,
				6C909F3127C9BED6006CA6C3 /* FlixUITestsLaunchTests.swift */,
			);
			path = FlixUITests;
			sourceTree = "<group>";
		};
		85E2EE1874A005CA49C7803A /* Pods */ = {
			isa = PBXGroup;
			children = (
				9B853C43E528D24ACD4020F1 /* Pods-Flix.debug.xcconfig */,
				8B38FF6306AB6E6C9D4722C0 /* Pods-Flix.release.xcconfig */,
				C9B0BD746E7C620961986EA3 /* Pods-Flix-FlixUITests.debug.xcconfig */,
				0BA6CADF46D9A8C202E405EE /* Pods-Flix-FlixUITests.release.xcconfig */,
				4D5B214A6CDE5B207C1DA18D /* Pods-FlixTests.debug.xcconfig */,
				BED9846F226A92F803EA0E4B /* Pods-FlixTests.release.xcconfig */,
			);
			path = Pods;
			sourceTree = "<group>";
		};
		C1EC9F726E7D8A5EA4D1A9C3 /* Frameworks */ = {
			isa = PBXGroup;
			children = (
				6BE61602E716B2D2AA728143 /* Pods_Flix.framework */,
				ACCE08072ECEDAAB4B84079B /* Pods_Flix_FlixUITests.framework */,
				BB42208C9FB32B74F70C4B7A /* Pods_FlixTests.framework */,
			);
			name = Frameworks;
			sourceTree = "<group>";
		};
/* End PBXGroup section */

/* Begin PBXNativeTarget section */
		6C909F0A27C9BED4006CA6C3 /* Flix */ = {
			isa = PBXNativeTarget;
			buildConfigurationList = 6C909F3527C9BED6006CA6C3 /* Build configuration list for PBXNativeTarget "Flix" */;
			buildPhases = (
				952067E6ACD6A32C50BC0B9B /* [CP] Check Pods Manifest.lock */,
				6C909F0727C9BED4006CA6C3 /* Sources */,
				6C909F0827C9BED4006CA6C3 /* Frameworks */,
				6C909F0927C9BED4006CA6C3 /* Resources */,
				6425C97DCEA72F8B381BE32D /* [CP] Embed Pods Frameworks */,
			);
			buildRules = (
			);
			dependencies = (
			);
			name = Flix;
			packageProductDependencies = (
				6C909F4527C9D174006CA6C3 /* AlamofireImage */,
			);
			productName = Flix;
			productReference = 6C909F0B27C9BED4006CA6C3 /* Flix.app */;
			productType = "com.apple.product-type.application";
		};
		6C909F2027C9BED6006CA6C3 /* FlixTests */ = {
			isa = PBXNativeTarget;
			buildConfigurationList = 6C909F3827C9BED6006CA6C3 /* Build configuration list for PBXNativeTarget "FlixTests" */;
			buildPhases = (
				41D5F8D37A5549D4A2F992F2 /* [CP] Check Pods Manifest.lock */,
				6C909F1D27C9BED6006CA6C3 /* Sources */,
				6C909F1E27C9BED6006CA6C3 /* Frameworks */,
				6C909F1F27C9BED6006CA6C3 /* Resources */,
			);
			buildRules = (
			);
			dependencies = (
				6C909F2327C9BED6006CA6C3 /* PBXTargetDependency */,
			);
			name = FlixTests;
			productName = FlixTests;
			productReference = 6C909F2127C9BED6006CA6C3 /* FlixTests.xctest */;
			productType = "com.apple.product-type.bundle.unit-test";
		};
		6C909F2A27C9BED6006CA6C3 /* FlixUITests */ = {
			isa = PBXNativeTarget;
			buildConfigurationList = 6C909F3B27C9BED6006CA6C3 /* Build configuration list for PBXNativeTarget "FlixUITests" */;
			buildPhases = (
				2626CC1EEF7E713E3C3586D9 /* [CP] Check Pods Manifest.lock */,
				6C909F2727C9BED6006CA6C3 /* Sources */,
				6C909F2827C9BED6006CA6C3 /* Frameworks */,
				6C909F2927C9BED6006CA6C3 /* Resources */,
				3C26405427FE1BCC4DA44DDC /* [CP] Embed Pods Frameworks */,
			);
			buildRules = (
			);
			dependencies = (
				6C909F2D27C9BED6006CA6C3 /* PBXTargetDependency */,
			);
			name = FlixUITests;
			productName = FlixUITests;
			productReference = 6C909F2B27C9BED6006CA6C3 /* FlixUITests.xctest */;
			productType = "com.apple.product-type.bundle.ui-testing";
		};
/* End PBXNativeTarget section */

/* Begin PBXProject section */
		6C909F0327C9BED4006CA6C3 /* Project object */ = {
			isa = PBXProject;
			attributes = {
				BuildIndependentTargetsInParallel = 1;
				LastSwiftUpdateCheck = 1320;
				LastUpgradeCheck = 1320;
				TargetAttributes = {
					6C909F0A27C9BED4006CA6C3 = {
						CreatedOnToolsVersion = 13.2.1;
					};
					6C909F2027C9BED6006CA6C3 = {
						CreatedOnToolsVersion = 13.2.1;
						TestTargetID = 6C909F0A27C9BED4006CA6C3;
					};
					6C909F2A27C9BED6006CA6C3 = {
						CreatedOnToolsVersion = 13.2.1;
						TestTargetID = 6C909F0A27C9BED4006CA6C3;
					};
				};
			};
			buildConfigurationList = 6C909F0627C9BED4006CA6C3 /* Build configuration list for PBXProject "Flix" */;
			compatibilityVersion = "Xcode 13.0";
			developmentRegion = en;
			hasScannedForEncodings = 0;
			knownRegions = (
				en,
				Base,
			);
			mainGroup = 6C909F0227C9BED4006CA6C3;
			packageReferences = (
				6C909F4427C9D174006CA6C3 /* XCRemoteSwiftPackageReference "AlamofireImage" */,
			);
			productRefGroup = 6C909F0C27C9BED4006CA6C3 /* Products */;
			projectDirPath = "";
			projectRoot = "";
			targets = (
				6C909F0A27C9BED4006CA6C3 /* Flix */,
				6C909F2027C9BED6006CA6C3 /* FlixTests */,
				6C909F2A27C9BED6006CA6C3 /* FlixUITests */,
			);
		};
/* End PBXProject section */

/* Begin PBXResourcesBuildPhase section */
		6C909F0927C9BED4006CA6C3 /* Resources */ = {
			isa = PBXResourcesBuildPhase;
			buildActionMask = 2147483647;
			files = (
				6C909F1B27C9BED6006CA6C3 /* LaunchScreen.storyboard in Resources */,
				6C909F1827C9BED6006CA6C3 /* Assets.xcassets in Resources */,
				6C909F1627C9BED4006CA6C3 /* Main.storyboard in Resources */,
			);
			runOnlyForDeploymentPostprocessing = 0;
		};
		6C909F1F27C9BED6006CA6C3 /* Resources */ = {
			isa = PBXResourcesBuildPhase;
			buildActionMask = 2147483647;
			files = (
			);
			runOnlyForDeploymentPostprocessing = 0;
		};
		6C909F2927C9BED6006CA6C3 /* Resources */ = {
			isa = PBXResourcesBuildPhase;
			buildActionMask = 2147483647;
			files = (
			);
			runOnlyForDeploymentPostprocessing = 0;
		};
/* End PBXResourcesBuildPhase section */

/* Begin PBXShellScriptBuildPhase section */
		2626CC1EEF7E713E3C3586D9 /* [CP] Check Pods Manifest.lock */ = {
			isa = PBXShellScriptBuildPhase;
			buildActionMask = 2147483647;
			files = (
			);
			inputFileListPaths = (
			);
			inputPaths = (
				"${PODS_PODFILE_DIR_PATH}/Podfile.lock",
				"${PODS_ROOT}/Manifest.lock",
			);
			name = "[CP] Check Pods Manifest.lock";
			outputFileListPaths = (
			);
			outputPaths = (
				"$(DERIVED_FILE_DIR)/Pods-Flix-FlixUITests-checkManifestLockResult.txt",
			);
			runOnlyForDeploymentPostprocessing = 0;
			shellPath = /bin/sh;
			shellScript = "diff \"${PODS_PODFILE_DIR_PATH}/Podfile.lock\" \"${PODS_ROOT}/Manifest.lock\" > /dev/null\nif [ $? != 0 ] ; then\n    # print error to STDERR\n    echo \"error: The sandbox is not in sync with the Podfile.lock. Run 'pod install' or update your CocoaPods installation.\" >&2\n    exit 1\nfi\n# This output is used by Xcode 'outputs' to avoid re-running this script phase.\necho \"SUCCESS\" > \"${SCRIPT_OUTPUT_FILE_0}\"\n";
			showEnvVarsInLog = 0;
		};
		3C26405427FE1BCC4DA44DDC /* [CP] Embed Pods Frameworks */ = {
			isa = PBXShellScriptBuildPhase;
			buildActionMask = 2147483647;
			files = (
			);
			inputFileListPaths = (
				"${PODS_ROOT}/Target Support Files/Pods-Flix-FlixUITests/Pods-Flix-FlixUITests-frameworks-${CONFIGURATION}-input-files.xcfilelist",
			);
			name = "[CP] Embed Pods Frameworks";
			outputFileListPaths = (
				"${PODS_ROOT}/Target Support Files/Pods-Flix-FlixUITests/Pods-Flix-FlixUITests-frameworks-${CONFIGURATION}-output-files.xcfilelist",
			);
			runOnlyForDeploymentPostprocessing = 0;
			shellPath = /bin/sh;
			shellScript = "\"${PODS_ROOT}/Target Support Files/Pods-Flix-FlixUITests/Pods-Flix-FlixUITests-frameworks.sh\"\n";
			showEnvVarsInLog = 0;
		};
		41D5F8D37A5549D4A2F992F2 /* [CP] Check Pods Manifest.lock */ = {
			isa = PBXShellScriptBuildPhase;
			buildActionMask = 2147483647;
			files = (
			);
			inputFileListPaths = (
			);
			inputPaths = (
				"${PODS_PODFILE_DIR_PATH}/Podfile.lock",
				"${PODS_ROOT}/Manifest.lock",
			);
			name = "[CP] Check Pods Manifest.lock";
			outputFileListPaths = (
			);
			outputPaths = (
				"$(DERIVED_FILE_DIR)/Pods-FlixTests-checkManifestLockResult.txt",
			);
			runOnlyForDeploymentPostprocessing = 0;
			shellPath = /bin/sh;
			shellScript = "diff \"${PODS_PODFILE_DIR_PATH}/Podfile.lock\" \"${PODS_ROOT}/Manifest.lock\" > /dev/null\nif [ $? != 0 ] ; then\n    # print error to STDERR\n    echo \"error: The sandbox is not in sync with the Podfile.lock. Run 'pod install' or update your CocoaPods installation.\" >&2\n    exit 1\nfi\n# This output is used by Xcode 'outputs' to avoid re-running this script phase.\necho \"SUCCESS\" > \"${SCRIPT_OUTPUT_FILE_0}\"\n";
			showEnvVarsInLog = 0;
		};
		6425C97DCEA72F8B381BE32D /* [CP] Embed Pods Frameworks */ = {
			isa = PBXShellScriptBuildPhase;
			buildActionMask = 2147483647;
			files = (
			);
			inputFileListPaths = (
				"${PODS_ROOT}/Target Support Files/Pods-Flix/Pods-Flix-frameworks-${CONFIGURATION}-input-files.xcfilelist",
			);
			name = "[CP] Embed Pods Frameworks";
			outputFileListPaths = (
				"${PODS_ROOT}/Target Support Files/Pods-Flix/Pods-Flix-frameworks-${CONFIGURATION}-output-files.xcfilelist",
			);
			runOnlyForDeploymentPostprocessing = 0;
			shellPath = /bin/sh;
			shellScript = "\"${PODS_ROOT}/Target Support Files/Pods-Flix/Pods-Flix-frameworks.sh\"\n";
			showEnvVarsInLog = 0;
		};
		952067E6ACD6A32C50BC0B9B /* [CP] Check Pods Manifest.lock */ = {
			isa = PBXShellScriptBuildPhase;
			buildActionMask = 2147483647;
			files = (
			);
			inputFileListPaths = (
			);
			inputPaths = (
				"${PODS_PODFILE_DIR_PATH}/Podfile.lock",
				"${PODS_ROOT}/Manifest.lock",
			);
			name = "[CP] Check Pods Manifest.lock";
			outputFileListPaths = (
			);
			outputPaths = (
				"$(DERIVED_FILE_DIR)/Pods-Flix-checkManifestLockResult.txt",
			);
			runOnlyForDeploymentPostprocessing = 0;
			shellPath = /bin/sh;
			shellScript = "diff \"${PODS_PODFILE_DIR_PATH}/Podfile.lock\" \"${PODS_ROOT}/Manifest.lock\" > /dev/null\nif [ $? != 0 ] ; then\n    # print error to STDERR\n    echo \"error: The sandbox is not in sync with the Podfile.lock. Run 'pod install' or update your CocoaPods installation.\" >&2\n    exit 1\nfi\n# This output is used by Xcode 'outputs' to avoid re-running this script phase.\necho \"SUCCESS\" > \"${SCRIPT_OUTPUT_FILE_0}\"\n";
			showEnvVarsInLog = 0;
		};
/* End PBXShellScriptBuildPhase section */

/* Begin PBXSourcesBuildPhase section */
		6C909F0727C9BED4006CA6C3 /* Sources */ = {
			isa = PBXSourcesBuildPhase;
			buildActionMask = 2147483647;
			files = (
				6C909F1327C9BED4006CA6C3 /* ViewController.swift in Sources */,
				6C909F0F27C9BED4006CA6C3 /* AppDelegate.swift in Sources */,
				6CCB931427CC7A4A00B1A55B /* MovieDetailsViewController.swift in Sources */,
				6C845DA027D0690A00547F79 /* MovieGridViewController.swift in Sources */,
				6C845DA227D06D1700547F79 /* MovieGridCell.swift in Sources */,
				6C909F1127C9BED4006CA6C3 /* SceneDelegate.swift in Sources */,
				6C909F4327C9CCA8006CA6C3 /* MovieCell.swift in Sources */,
				6C909F4127C9C110006CA6C3 /* MoviesViewController.swift in Sources */,
			);
			runOnlyForDeploymentPostprocessing = 0;
		};
		6C909F1D27C9BED6006CA6C3 /* Sources */ = {
			isa = PBXSourcesBuildPhase;
			buildActionMask = 2147483647;
			files = (
				6C909F2627C9BED6006CA6C3 /* FlixTests.swift in Sources */,
			);
			runOnlyForDeploymentPostprocessing = 0;
		};
		6C909F2727C9BED6006CA6C3 /* Sources */ = {
			isa = PBXSourcesBuildPhase;
			buildActionMask = 2147483647;
			files = (
				6C909F3027C9BED6006CA6C3 /* FlixUITests.swift in Sources */,
				6C909F3227C9BED6006CA6C3 /* FlixUITestsLaunchTests.swift in Sources */,
			);
			runOnlyForDeploymentPostprocessing = 0;
		};
/* End PBXSourcesBuildPhase section */

/* Begin PBXTargetDependency section */
		6C909F2327C9BED6006CA6C3 /* PBXTargetDependency */ = {
			isa = PBXTargetDependency;
			target = 6C909F0A27C9BED4006CA6C3 /* Flix */;
			targetProxy = 6C909F2227C9BED6006CA6C3 /* PBXContainerItemProxy */;
		};
		6C909F2D27C9BED6006CA6C3 /* PBXTargetDependency */ = {
			isa = PBXTargetDependency;
			target = 6C909F0A27C9BED4006CA6C3 /* Flix */;
			targetProxy = 6C909F2C27C9BED6006CA6C3 /* PBXContainerItemProxy */;
		};
/* End PBXTargetDependency section */

/* Begin PBXVariantGroup section */
		6C909F1427C9BED4006CA6C3 /* Main.storyboard */ = {
			isa = PBXVariantGroup;
			children = (
				6C909F1527C9BED4006CA6C3 /* Base */,
			);
			name = Main.storyboard;
			sourceTree = "<group>";
		};
		6C909F1927C9BED6006CA6C3 /* LaunchScreen.storyboard */ = {
			isa = PBXVariantGroup;
			children = (
				6C909F1A27C9BED6006CA6C3 /* Base */,
			);
			name = LaunchScreen.storyboard;
			sourceTree = "<group>";
		};
/* End PBXVariantGroup section */

/* Begin XCBuildConfiguration section */
		6C909F3327C9BED6006CA6C3 /* Debug */ = {
			isa = XCBuildConfiguration;
			buildSettings = {
				ALWAYS_SEARCH_USER_PATHS = NO;
				CLANG_ANALYZER_NONNULL = YES;
				CLANG_ANALYZER_NUMBER_OBJECT_CONVERSION = YES_AGGRESSIVE;
				CLANG_CXX_LANGUAGE_STANDARD = "gnu++17";
				CLANG_CXX_LIBRARY = "libc++";
				CLANG_ENABLE_MODULES = YES;
				CLANG_ENABLE_OBJC_ARC = YES;
				CLANG_ENABLE_OBJC_WEAK = YES;
				CLANG_WARN_BLOCK_CAPTURE_AUTORELEASING = YES;
				CLANG_WARN_BOOL_CONVERSION = YES;
				CLANG_WARN_COMMA = YES;
				CLANG_WARN_CONSTANT_CONVERSION = YES;
				CLANG_WARN_DEPRECATED_OBJC_IMPLEMENTATIONS = YES;
				CLANG_WARN_DIRECT_OBJC_ISA_USAGE = YES_ERROR;
				CLANG_WARN_DOCUMENTATION_COMMENTS = YES;
				CLANG_WARN_EMPTY_BODY = YES;
				CLANG_WARN_ENUM_CONVERSION = YES;
				CLANG_WARN_INFINITE_RECURSION = YES;
				CLANG_WARN_INT_CONVERSION = YES;
				CLANG_WARN_NON_LITERAL_NULL_CONVERSION = YES;
				CLANG_WARN_OBJC_IMPLICIT_RETAIN_SELF = YES;
				CLANG_WARN_OBJC_LITERAL_CONVERSION = YES;
				CLANG_WARN_OBJC_ROOT_CLASS = YES_ERROR;
				CLANG_WARN_QUOTED_INCLUDE_IN_FRAMEWORK_HEADER = YES;
				CLANG_WARN_RANGE_LOOP_ANALYSIS = YES;
				CLANG_WARN_STRICT_PROTOTYPES = YES;
				CLANG_WARN_SUSPICIOUS_MOVE = YES;
				CLANG_WARN_UNGUARDED_AVAILABILITY = YES_AGGRESSIVE;
				CLANG_WARN_UNREACHABLE_CODE = YES;
				CLANG_WARN__DUPLICATE_METHOD_MATCH = YES;
				COPY_PHASE_STRIP = NO;
				DEBUG_INFORMATION_FORMAT = dwarf;
				ENABLE_STRICT_OBJC_MSGSEND = YES;
				ENABLE_TESTABILITY = YES;
				GCC_C_LANGUAGE_STANDARD = gnu11;
				GCC_DYNAMIC_NO_PIC = NO;
				GCC_NO_COMMON_BLOCKS = YES;
				GCC_OPTIMIZATION_LEVEL = 0;
				GCC_PREPROCESSOR_DEFINITIONS = (
					"DEBUG=1",
					"$(inherited)",
				);
				GCC_WARN_64_TO_32_BIT_CONVERSION = YES;
				GCC_WARN_ABOUT_RETURN_TYPE = YES_ERROR;
				GCC_WARN_UNDECLARED_SELECTOR = YES;
				GCC_WARN_UNINITIALIZED_AUTOS = YES_AGGRESSIVE;
				GCC_WARN_UNUSED_FUNCTION = YES;
				GCC_WARN_UNUSED_VARIABLE = YES;
				IPHONEOS_DEPLOYMENT_TARGET = 15.2;
				MTL_ENABLE_DEBUG_INFO = INCLUDE_SOURCE;
				MTL_FAST_MATH = YES;
				ONLY_ACTIVE_ARCH = YES;
				SDKROOT = iphoneos;
				SWIFT_ACTIVE_COMPILATION_CONDITIONS = DEBUG;
				SWIFT_OPTIMIZATION_LEVEL = "-Onone";
			};
			name = Debug;
		};
		6C909F3427C9BED6006CA6C3 /* Release */ = {
			isa = XCBuildConfiguration;
			buildSettings = {
				ALWAYS_SEARCH_USER_PATHS = NO;
				CLANG_ANALYZER_NONNULL = YES;
				CLANG_ANALYZER_NUMBER_OBJECT_CONVERSION = YES_AGGRESSIVE;
				CLANG_CXX_LANGUAGE_STANDARD = "gnu++17";
				CLANG_CXX_LIBRARY = "libc++";
				CLANG_ENABLE_MODULES = YES;
				CLANG_ENABLE_OBJC_ARC = YES;
				CLANG_ENABLE_OBJC_WEAK = YES;
				CLANG_WARN_BLOCK_CAPTURE_AUTORELEASING = YES;
				CLANG_WARN_BOOL_CONVERSION = YES;
				CLANG_WARN_COMMA = YES;
				CLANG_WARN_CONSTANT_CONVERSION = YES;
				CLANG_WARN_DEPRECATED_OBJC_IMPLEMENTATIONS = YES;
				CLANG_WARN_DIRECT_OBJC_ISA_USAGE = YES_ERROR;
				CLANG_WARN_DOCUMENTATION_COMMENTS = YES;
				CLANG_WARN_EMPTY_BODY = YES;
				CLANG_WARN_ENUM_CONVERSION = YES;
				CLANG_WARN_INFINITE_RECURSION = YES;
				CLANG_WARN_INT_CONVERSION = YES;
				CLANG_WARN_NON_LITERAL_NULL_CONVERSION = YES;
				CLANG_WARN_OBJC_IMPLICIT_RETAIN_SELF = YES;
				CLANG_WARN_OBJC_LITERAL_CONVERSION = YES;
				CLANG_WARN_OBJC_ROOT_CLASS = YES_ERROR;
				CLANG_WARN_QUOTED_INCLUDE_IN_FRAMEWORK_HEADER = YES;
				CLANG_WARN_RANGE_LOOP_ANALYSIS = YES;
				CLANG_WARN_STRICT_PROTOTYPES = YES;
				CLANG_WARN_SUSPICIOUS_MOVE = YES;
				CLANG_WARN_UNGUARDED_AVAILABILITY = YES_AGGRESSIVE;
				CLANG_WARN_UNREACHABLE_CODE = YES;
				CLANG_WARN__DUPLICATE_METHOD_MATCH = YES;
				COPY_PHASE_STRIP = NO;
				DEBUG_INFORMATION_FORMAT = "dwarf-with-dsym";
				ENABLE_NS_ASSERTIONS = NO;
				ENABLE_STRICT_OBJC_MSGSEND = YES;
				GCC_C_LANGUAGE_STANDARD = gnu11;
				GCC_NO_COMMON_BLOCKS = YES;
				GCC_WARN_64_TO_32_BIT_CONVERSION = YES;
				GCC_WARN_ABOUT_RETURN_TYPE = YES_ERROR;
				GCC_WARN_UNDECLARED_SELECTOR = YES;
				GCC_WARN_UNINITIALIZED_AUTOS = YES_AGGRESSIVE;
				GCC_WARN_UNUSED_FUNCTION = YES;
				GCC_WARN_UNUSED_VARIABLE = YES;
				IPHONEOS_DEPLOYMENT_TARGET = 15.2;
				MTL_ENABLE_DEBUG_INFO = NO;
				MTL_FAST_MATH = YES;
				SDKROOT = iphoneos;
				SWIFT_COMPILATION_MODE = wholemodule;
				SWIFT_OPTIMIZATION_LEVEL = "-O";
				VALIDATE_PRODUCT = YES;
			};
			name = Release;
		};
		6C909F3627C9BED6006CA6C3 /* Debug */ = {
			isa = XCBuildConfiguration;
			baseConfigurationReference = 9B853C43E528D24ACD4020F1 /* Pods-Flix.debug.xcconfig */;
			buildSettings = {
				ASSETCATALOG_COMPILER_APPICON_NAME = AppIcon;
				ASSETCATALOG_COMPILER_GLOBAL_ACCENT_COLOR_NAME = AccentColor;
				CODE_SIGN_STYLE = Automatic;
				CURRENT_PROJECT_VERSION = 1;
				DEVELOPMENT_TEAM = 877X56AFM3;
				GENERATE_INFOPLIST_FILE = YES;
				INFOPLIST_FILE = Flix/Info.plist;
				INFOPLIST_KEY_UIApplicationSupportsIndirectInputEvents = YES;
				INFOPLIST_KEY_UILaunchStoryboardName = LaunchScreen;
				INFOPLIST_KEY_UIMainStoryboardFile = Main;
				INFOPLIST_KEY_UISupportedInterfaceOrientations_iPad = "UIInterfaceOrientationPortrait UIInterfaceOrientationPortraitUpsideDown UIInterfaceOrientationLandscapeLeft UIInterfaceOrientationLandscapeRight";
				INFOPLIST_KEY_UISupportedInterfaceOrientations_iPhone = "UIInterfaceOrientationPortrait UIInterfaceOrientationLandscapeLeft UIInterfaceOrientationLandscapeRight";
				LD_RUNPATH_SEARCH_PATHS = (
					"$(inherited)",
					"@executable_path/Frameworks",
				);
				MARKETING_VERSION = 1.0;
				PRODUCT_BUNDLE_IDENTIFIER = com.kallychen2.Flix;
				PRODUCT_NAME = "$(TARGET_NAME)";
				SWIFT_EMIT_LOC_STRINGS = YES;
				SWIFT_VERSION = 5.0;
				TARGETED_DEVICE_FAMILY = "1,2";
			};
			name = Debug;
		};
		6C909F3727C9BED6006CA6C3 /* Release */ = {
			isa = XCBuildConfiguration;
			baseConfigurationReference = 8B38FF6306AB6E6C9D4722C0 /* Pods-Flix.release.xcconfig */;
			buildSettings = {
				ASSETCATALOG_COMPILER_APPICON_NAME = AppIcon;
				ASSETCATALOG_COMPILER_GLOBAL_ACCENT_COLOR_NAME = AccentColor;
				CODE_SIGN_STYLE = Automatic;
				CURRENT_PROJECT_VERSION = 1;
				DEVELOPMENT_TEAM = 877X56AFM3;
				GENERATE_INFOPLIST_FILE = YES;
				INFOPLIST_FILE = Flix/Info.plist;
				INFOPLIST_KEY_UIApplicationSupportsIndirectInputEvents = YES;
				INFOPLIST_KEY_UILaunchStoryboardName = LaunchScreen;
				INFOPLIST_KEY_UIMainStoryboardFile = Main;
				INFOPLIST_KEY_UISupportedInterfaceOrientations_iPad = "UIInterfaceOrientationPortrait UIInterfaceOrientationPortraitUpsideDown UIInterfaceOrientationLandscapeLeft UIInterfaceOrientationLandscapeRight";
				INFOPLIST_KEY_UISupportedInterfaceOrientations_iPhone = "UIInterfaceOrientationPortrait UIInterfaceOrientationLandscapeLeft UIInterfaceOrientationLandscapeRight";
				LD_RUNPATH_SEARCH_PATHS = (
					"$(inherited)",
					"@executable_path/Frameworks",
				);
				MARKETING_VERSION = 1.0;
				PRODUCT_BUNDLE_IDENTIFIER = com.kallychen2.Flix;
				PRODUCT_NAME = "$(TARGET_NAME)";
				SWIFT_EMIT_LOC_STRINGS = YES;
				SWIFT_VERSION = 5.0;
				TARGETED_DEVICE_FAMILY = "1,2";
			};
			name = Release;
		};
		6C909F3927C9BED6006CA6C3 /* Debug */ = {
			isa = XCBuildConfiguration;
			baseConfigurationReference = 4D5B214A6CDE5B207C1DA18D /* Pods-FlixTests.debug.xcconfig */;
			buildSettings = {
				ALWAYS_EMBED_SWIFT_STANDARD_LIBRARIES = YES;
				BUNDLE_LOADER = "$(TEST_HOST)";
				CODE_SIGN_STYLE = Automatic;
				CURRENT_PROJECT_VERSION = 1;
				DEVELOPMENT_TEAM = 877X56AFM3;
				GENERATE_INFOPLIST_FILE = YES;
				IPHONEOS_DEPLOYMENT_TARGET = 15.2;
				MARKETING_VERSION = 1.0;
				PRODUCT_BUNDLE_IDENTIFIER = com.kallychen2.FlixTests;
				PRODUCT_NAME = "$(TARGET_NAME)";
				SWIFT_EMIT_LOC_STRINGS = NO;
				SWIFT_VERSION = 5.0;
				TARGETED_DEVICE_FAMILY = "1,2";
				TEST_HOST = "$(BUILT_PRODUCTS_DIR)/Flix.app/Flix";
			};
			name = Debug;
		};
		6C909F3A27C9BED6006CA6C3 /* Release */ = {
			isa = XCBuildConfiguration;
			baseConfigurationReference = BED9846F226A92F803EA0E4B /* Pods-FlixTests.release.xcconfig */;
			buildSettings = {
				ALWAYS_EMBED_SWIFT_STANDARD_LIBRARIES = YES;
				BUNDLE_LOADER = "$(TEST_HOST)";
				CODE_SIGN_STYLE = Automatic;
				CURRENT_PROJECT_VERSION = 1;
				DEVELOPMENT_TEAM = 877X56AFM3;
				GENERATE_INFOPLIST_FILE = YES;
				IPHONEOS_DEPLOYMENT_TARGET = 15.2;
				MARKETING_VERSION = 1.0;
				PRODUCT_BUNDLE_IDENTIFIER = com.kallychen2.FlixTests;
				PRODUCT_NAME = "$(TARGET_NAME)";
				SWIFT_EMIT_LOC_STRINGS = NO;
				SWIFT_VERSION = 5.0;
				TARGETED_DEVICE_FAMILY = "1,2";
				TEST_HOST = "$(BUILT_PRODUCTS_DIR)/Flix.app/Flix";
			};
			name = Release;
		};
		6C909F3C27C9BED6006CA6C3 /* Debug */ = {
			isa = XCBuildConfiguration;
			baseConfigurationReference = C9B0BD746E7C620961986EA3 /* Pods-Flix-FlixUITests.debug.xcconfig */;
			buildSettings = {
				ALWAYS_EMBED_SWIFT_STANDARD_LIBRARIES = YES;
				CODE_SIGN_STYLE = Automatic;
				CURRENT_PROJECT_VERSION = 1;
				DEVELOPMENT_TEAM = 877X56AFM3;
				GENERATE_INFOPLIST_FILE = YES;
				MARKETING_VERSION = 1.0;
				PRODUCT_BUNDLE_IDENTIFIER = com.kallychen2.FlixUITests;
				PRODUCT_NAME = "$(TARGET_NAME)";
				SWIFT_EMIT_LOC_STRINGS = NO;
				SWIFT_VERSION = 5.0;
				TARGETED_DEVICE_FAMILY = "1,2";
				TEST_TARGET_NAME = Flix;
			};
			name = Debug;
		};
		6C909F3D27C9BED6006CA6C3 /* Release */ = {
			isa = XCBuildConfiguration;
			baseConfigurationReference = 0BA6CADF46D9A8C202E405EE /* Pods-Flix-FlixUITests.release.xcconfig */;
			buildSettings = {
				ALWAYS_EMBED_SWIFT_STANDARD_LIBRARIES = YES;
				CODE_SIGN_STYLE = Automatic;
				CURRENT_PROJECT_VERSION = 1;
				DEVELOPMENT_TEAM = 877X56AFM3;
				GENERATE_INFOPLIST_FILE = YES;
				MARKETING_VERSION = 1.0;
				PRODUCT_BUNDLE_IDENTIFIER = com.kallychen2.FlixUITests;
				PRODUCT_NAME = "$(TARGET_NAME)";
				SWIFT_EMIT_LOC_STRINGS = NO;
				SWIFT_VERSION = 5.0;
				TARGETED_DEVICE_FAMILY = "1,2";
				TEST_TARGET_NAME = Flix;
			};
			name = Release;
		};
/* End XCBuildConfiguration section */

/* Begin XCConfigurationList section */
		6C909F0627C9BED4006CA6C3 /* Build configuration list for PBXProject "Flix" */ = {
			isa = XCConfigurationList;
			buildConfigurations = (
				6C909F3327C9BED6006CA6C3 /* Debug */,
				6C909F3427C9BED6006CA6C3 /* Release */,
			);
			defaultConfigurationIsVisible = 0;
			defaultConfigurationName = Release;
		};
		6C909F3527C9BED6006CA6C3 /* Build configuration list for PBXNativeTarget "Flix" */ = {
			isa = XCConfigurationList;
			buildConfigurations = (
				6C909F3627C9BED6006CA6C3 /* Debug */,
				6C909F3727C9BED6006CA6C3 /* Release */,
			);
			defaultConfigurationIsVisible = 0;
			defaultConfigurationName = Release;
		};
		6C909F3827C9BED6006CA6C3 /* Build configuration list for PBXNativeTarget "FlixTests" */ = {
			isa = XCConfigurationList;
			buildConfigurations = (
				6C909F3927C9BED6006CA6C3 /* Debug */,
				6C909F3A27C9BED6006CA6C3 /* Release */,
			);
			defaultConfigurationIsVisible = 0;
			defaultConfigurationName = Release;
		};
		6C909F3B27C9BED6006CA6C3 /* Build configuration list for PBXNativeTarget "FlixUITests" */ = {
			isa = XCConfigurationList;
			buildConfigurations = (
				6C909F3C27C9BED6006CA6C3 /* Debug */,
				6C909F3D27C9BED6006CA6C3 /* Release */,
			);
			defaultConfigurationIsVisible = 0;
			defaultConfigurationName = Release;
		};
/* End XCConfigurationList section */

/* Begin XCRemoteSwiftPackageReference section */
		6C909F4427C9D174006CA6C3 /* XCRemoteSwiftPackageReference "AlamofireImage" */ = {
			isa = XCRemoteSwiftPackageReference;
			repositoryURL = "https://github.com/Alamofire/AlamofireImage";
			requirement = {
				kind = exactVersion;
				version = 4.2.0;
			};
		};
/* End XCRemoteSwiftPackageReference section */

/* Begin XCSwiftPackageProductDependency section */
		6C909F4527C9D174006CA6C3 /* AlamofireImage */ = {
			isa = XCSwiftPackageProductDependency;
			package = 6C909F4427C9D174006CA6C3 /* XCRemoteSwiftPackageReference "AlamofireImage" */;
			productName = AlamofireImage;
		};
/* End XCSwiftPackageProductDependency section */
	};
	rootObject = 6C909F0327C9BED4006CA6C3 /* Project object */;
}
